
Microsoft Visual Studio Solution File, Format Version 12.00
# Visual Studio Version 17
VisualStudioVersion = 17.3.32922.545
MinimumVisualStudioVersion = 10.0.40219.1
Project("{FAE04EC0-301F-11D3-BF4B-00C04F79EFBC}") = "SaglikProje", "SaglikProje\SaglikProje.csproj", "{F1371AA3-BDDB-41AE-9D22-E63659A912D1}"
EndProject
Global
	GlobalSection(SolutionConfigurationPlatforms) = preSolution
		Debug|Any CPU = Debug|Any CPU
		Release|Any CPU = Release|Any CPU
	EndGlobalSection
	GlobalSection(ProjectConfigurationPlatforms) = postSolution
		{F1371AA3-BDDB-41AE-9D22-E63659A912D1}.Debug|Any CPU.ActiveCfg = Debug|Any CPU
		{F1371AA3-BDDB-41AE-9D22-E63659A912D1}.Debug|Any CPU.Build.0 = Debug|Any CPU
		{F1371AA3-BDDB-41AE-9D22-E63659A912D1}.Release|Any CPU.ActiveCfg = Release|Any CPU
		{F1371AA3-BDDB-41AE-9D22-E63659A912D1}.Release|Any CPU.Build.0 = Release|Any CPU
	EndGlobalSection
	GlobalSection(SolutionProperties) = preSolution
		HideSolutionNode = FALSE
	EndGlobalSection
	GlobalSection(ExtensibilityGlobals) = postSolution
		SolutionGuid = {435A8EC8-A3A0-4B1B-A975-9BDF85866FDC}
	EndGlobalSection
EndGlobal
